
Microsoft Visual Studio Solution File, Format Version 12.00
# Visual Studio Version 17
VisualStudioVersion = 17.4.33110.190
MinimumVisualStudioVersion = 10.0.40219.1
Project("{FAE04EC0-301F-11D3-BF4B-00C04F79EFBC}") = "RapidPay", "RapidPay\RapidPay.csproj", "{61E80644-9D59-4EBD-889F-BA25F27400CD}"
EndProject
Global
	GlobalSection(SolutionConfigurationPlatforms) = preSolution
		Debug|Any CPU = Debug|Any CPU
		Release|Any CPU = Release|Any CPU
	EndGlobalSection
	GlobalSection(ProjectConfigurationPlatforms) = postSolution
		{61E80644-9D59-4EBD-889F-BA25F27400CD}.Debug|Any CPU.ActiveCfg = Debug|Any CPU
		{61E80644-9D59-4EBD-889F-BA25F27400CD}.Debug|Any CPU.Build.0 = Debug|Any CPU
		{61E80644-9D59-4EBD-889F-BA25F27400CD}.Release|Any CPU.ActiveCfg = Release|Any CPU
		{61E80644-9D59-4EBD-889F-BA25F27400CD}.Release|Any CPU.Build.0 = Release|Any CPU
	EndGlobalSection
	GlobalSection(SolutionProperties) = preSolution
		HideSolutionNode = FALSE
	EndGlobalSection
	GlobalSection(ExtensibilityGlobals) = postSolution
		SolutionGuid = {C7FE97DF-6B9B-4AB7-8485-5EE8D4B9A81B}
	EndGlobalSection
EndGlobal
